// !$*UTF8*$!
{
	archiveVersion = 1;
	classes = {
	};
	objectVersion = 48;
	objects = {

/* Begin PBXBuildFile section */
		B19021671F137E8C00C09922 /* AppDelegate.swift in Sources */ = {isa = PBXBuildFile; fileRef = B19021661F137E8C00C09922 /* AppDelegate.swift */; };
		B190216C1F137E8C00C09922 /* Main.storyboard in Resources */ = {isa = PBXBuildFile; fileRef = B190216A1F137E8C00C09922 /* Main.storyboard */; };
		B190216E1F137E8C00C09922 /* Assets.xcassets in Resources */ = {isa = PBXBuildFile; fileRef = B190216D1F137E8C00C09922 /* Assets.xcassets */; };
		B19021711F137E8C00C09922 /* LaunchScreen.storyboard in Resources */ = {isa = PBXBuildFile; fileRef = B190216F1F137E8C00C09922 /* LaunchScreen.storyboard */; };
		B19021791F1389D100C09922 /* Sunglass.swift in Sources */ = {isa = PBXBuildFile; fileRef = B19021781F1389D100C09922 /* Sunglass.swift */; };
		B190217B1F138B6700C09922 /* Art.scnassets in Resources */ = {isa = PBXBuildFile; fileRef = B190217A1F138B6700C09922 /* Art.scnassets */; };
		B190219D1F147A4B00C09922 /* ViewController.swift in Sources */ = {isa = PBXBuildFile; fileRef = B190219C1F147A4B00C09922 /* ViewController.swift */; };
/* End PBXBuildFile section */

/* Begin PBXFileReference section */
		B19021631F137E8C00C09922 /* ARKit1.app */ = {isa = PBXFileReference; explicitFileType = wrapper.application; includeInIndex = 0; path = ARKit1.app; sourceTree = BUILT_PRODUCTS_DIR; };
		B19021661F137E8C00C09922 /* AppDelegate.swift */ = {isa = PBXFileReference; lastKnownFileType = sourcecode.swift; path = AppDelegate.swift; sourceTree = "<group>"; };
		B190216B1F137E8C00C09922 /* Base */ = {isa = PBXFileReference; lastKnownFileType = file.storyboard; name = Base; path = Base.lproj/Main.storyboard; sourceTree = "<group>"; };
		B190216D1F137E8C00C09922 /* Assets.xcassets */ = {isa = PBXFileReference; lastKnownFileType = folder.assetcatalog; path = Assets.xcassets; sourceTree = "<group>"; };
		B19021701F137E8C00C09922 /* Base */ = {isa = PBXFileReference; lastKnownFileType = file.storyboard; name = Base; path = Base.lproj/LaunchScreen.storyboard; sourceTree = "<group>"; };
		B19021721F137E8C00C09922 /* Info.plist */ = {isa = PBXFileReference; lastKnownFileType = text.plist.xml; path = Info.plist; sourceTree = "<group>"; };
		B19021781F1389D100C09922 /* Sunglass.swift */ = {isa = PBXFileReference; lastKnownFileType = sourcecode.swift; path = Sunglass.swift; sourceTree = "<group>"; };
		B190217A1F138B6700C09922 /* Art.scnassets */ = {isa = PBXFileReference; lastKnownFileType = wrapper.scnassets; path = Art.scnassets; sourceTree = "<group>"; };
		B190219C1F147A4B00C09922 /* ViewController.swift */ = {isa = PBXFileReference; lastKnownFileType = sourcecode.swift; path = ViewController.swift; sourceTree = "<group>"; };
/* End PBXFileReference section */

/* Begin PBXFrameworksBuildPhase section */
		B19021601F137E8C00C09922 /* Frameworks */ = {
			isa = PBXFrameworksBuildPhase;
			buildActionMask = 2147483647;
			files = (
			);
			runOnlyForDeploymentPostprocessing = 0;
		};
/* End PBXFrameworksBuildPhase section */

/* Begin PBXGroup section */
		B190215A1F137E8B00C09922 = {
			isa = PBXGroup;
			children = (
				B19021651F137E8C00C09922 /* ARKit1 */,
				B19021641F137E8C00C09922 /* Products */,
			);
			sourceTree = "<group>";
		};
		B19021641F137E8C00C09922 /* Products */ = {
			isa = PBXGroup;
			children = (
				B19021631F137E8C00C09922 /* ARKit1.app */,
			);
			name = Products;
			sourceTree = "<group>";
		};
		B19021651F137E8C00C09922 /* ARKit1 */ = {
			isa = PBXGroup;
			children = (
				B19021661F137E8C00C09922 /* AppDelegate.swift */,
				B19021781F1389D100C09922 /* Sunglass.swift */,
				B190216A1F137E8C00C09922 /* Main.storyboard */,
				B190216D1F137E8C00C09922 /* Assets.xcassets */,
				B190216F1F137E8C00C09922 /* LaunchScreen.storyboard */,
				B19021721F137E8C00C09922 /* Info.plist */,
				B190217A1F138B6700C09922 /* Art.scnassets */,
				B190219C1F147A4B00C09922 /* ViewController.swift */,
			);
			path = ARKit1;
			sourceTree = "<group>";
		};
/* End PBXGroup section */

/* Begin PBXNativeTarget section */
		B19021621F137E8C00C09922 /* ARKit1 */ = {
			isa = PBXNativeTarget;
			buildConfigurationList = B19021751F137E8C00C09922 /* Build configuration list for PBXNativeTarget "ARKit1" */;
			buildPhases = (
				B190215F1F137E8C00C09922 /* Sources */,
				B19021601F137E8C00C09922 /* Frameworks */,
				B19021611F137E8C00C09922 /* Resources */,
			);
			buildRules = (
			);
			dependencies = (
			);
			name = ARKit1;
			productName = ARKit1;
			productReference = B19021631F137E8C00C09922 /* ARKit1.app */;
			productType = "com.apple.product-type.application";
		};
/* End PBXNativeTarget section */

/* Begin PBXProject section */
		B190215B1F137E8B00C09922 /* Project object */ = {
			isa = PBXProject;
			attributes = {
				LastSwiftUpdateCheck = 0900;
				LastUpgradeCheck = 0900;
				ORGANIZATIONNAME = VictorLee;
				TargetAttributes = {
					B19021621F137E8C00C09922 = {
						CreatedOnToolsVersion = 9.0;
					};
				};
			};
			buildConfigurationList = B190215E1F137E8B00C09922 /* Build configuration list for PBXProject "ARKit1" */;
			compatibilityVersion = "Xcode 8.0";
			developmentRegion = en;
			hasScannedForEncodings = 0;
			knownRegions = (
				en,
				Base,
			);
			mainGroup = B190215A1F137E8B00C09922;
			productRefGroup = B19021641F137E8C00C09922 /* Products */;
			projectDirPath = "";
			projectRoot = "";
			targets = (
				B19021621F137E8C00C09922 /* ARKit1 */,
			);
		};
/* End PBXProject section */

/* Begin PBXResourcesBuildPhase section */
		B19021611F137E8C00C09922 /* Resources */ = {
			isa = PBXResourcesBuildPhase;
			buildActionMask = 2147483647;
			files = (
				B19021711F137E8C00C09922 /* LaunchScreen.storyboard in Resources */,
				B190217B1F138B6700C09922 /* Art.scnassets in Resources */,
				B190216E1F137E8C00C09922 /* Assets.xcassets in Resources */,
				B190216C1F137E8C00C09922 /* Main.storyboard in Resources */,
			);
			runOnlyForDeploymentPostprocessing = 0;
		};
/* End PBXResourcesBuildPhase section */

/* Begin PBXSourcesBuildPhase section */
		B190215F1F137E8C00C09922 /* Sources */ = {
			isa = PBXSourcesBuildPhase;
			buildActionMask = 2147483647;
			files = (
				B190219D1F147A4B00C09922 /* ViewController.swift in Sources */,
				B19021791F1389D100C09922 /* Sunglass.swift in Sources */,
				B19021671F137E8C00C09922 /* AppDelegate.swift in Sources */,
			);
			runOnlyForDeploymentPostprocessing = 0;
		};
/* End PBXSourcesBuildPhase section */

/* Begin PBXVariantGroup section */
		B190216A1F137E8C00C09922 /* Main.storyboard */ = {
			isa = PBXVariantGroup;
			children = (
				B190216B1F137E8C00C09922 /* Base */,
			);
			name = Main.storyboard;
			sourceTree = "<group>";
		};
		B190216F1F137E8C00C09922 /* LaunchScreen.storyboard */ = {
			isa = PBXVariantGroup;
			children = (
				B19021701F137E8C00C09922 /* Base */,
			);
			name = LaunchScreen.storyboard;
			sourceTree = "<group>";
		};
/* End PBXVariantGroup section */

/* Begin XCBuildConfiguration section */
		B19021731F137E8C00C09922 /* Debug */ = {
			isa = XCBuildConfiguration;
			buildSettings = {
				ALWAYS_SEARCH_USER_PATHS = NO;
				CLANG_ANALYZER_NONNULL = YES;
				CLANG_ANALYZER_NUMBER_OBJECT_CONVERSION = YES_AGGRESSIVE;
				CLANG_CXX_LANGUAGE_STANDARD = "gnu++14";
				CLANG_CXX_LIBRARY = "libc++";
				CLANG_ENABLE_MODULES = YES;
				CLANG_ENABLE_OBJC_ARC = YES;
				CLANG_WARN_BLOCK_CAPTURE_AUTORELEASING = YES;
				CLANG_WARN_BOOL_CONVERSION = YES;
				CLANG_WARN_COMMA = YES;
				CLANG_WARN_CONSTANT_CONVERSION = YES;
				CLANG_WARN_DIRECT_OBJC_ISA_USAGE = YES_ERROR;
				CLANG_WARN_DOCUMENTATION_COMMENTS = YES;
				CLANG_WARN_EMPTY_BODY = YES;
				CLANG_WARN_ENUM_CONVERSION = YES;
				CLANG_WARN_INFINITE_RECURSION = YES;
				CLANG_WARN_INT_CONVERSION = YES;
				CLANG_WARN_OBJC_ROOT_CLASS = YES_ERROR;
				CLANG_WARN_RANGE_LOOP_ANALYSIS = YES;
				CLANG_WARN_STRICT_PROTOTYPES = YES;
				CLANG_WARN_SUSPICIOUS_MOVE = YES;
				CLANG_WARN_UNGUARDED_AVAILABILITY = YES_AGGRESSIVE;
				CLANG_WARN_UNREACHABLE_CODE = YES;
				CLANG_WARN__DUPLICATE_METHOD_MATCH = YES;
				CODE_SIGN_IDENTITY = "iPhone Developer";
				COPY_PHASE_STRIP = NO;
				DEBUG_INFORMATION_FORMAT = dwarf;
				ENABLE_STRICT_OBJC_MSGSEND = YES;
				ENABLE_TESTABILITY = YES;
				GCC_C_LANGUAGE_STANDARD = gnu11;
				GCC_DYNAMIC_NO_PIC = NO;
				GCC_NO_COMMON_BLOCKS = YES;
				GCC_OPTIMIZATION_LEVEL = 0;
				GCC_PREPROCESSOR_DEFINITIONS = (
					"DEBUG=1",
					"$(inherited)",
				);
				GCC_WARN_64_TO_32_BIT_CONVERSION = YES;
				GCC_WARN_ABOUT_RETURN_TYPE = YES_ERROR;
				GCC_WARN_UNDECLARED_SELECTOR = YES;
				GCC_WARN_UNINITIALIZED_AUTOS = YES_AGGRESSIVE;
				GCC_WARN_UNUSED_FUNCTION = YES;
				GCC_WARN_UNUSED_VARIABLE = YES;
				IPHONEOS_DEPLOYMENT_TARGET = 11.0;
				MTL_ENABLE_DEBUG_INFO = YES;
				ONLY_ACTIVE_ARCH = YES;
				SDKROOT = iphoneos;
				SWIFT_ACTIVE_COMPILATION_CONDITIONS = DEBUG;
				SWIFT_OPTIMIZATION_LEVEL = "-Onone";
			};
			name = Debug;
		};
		B19021741F137E8C00C09922 /* Release */ = {
			isa = XCBuildConfiguration;
			buildSettings = {
				ALWAYS_SEARCH_USER_PATHS = NO;
				CLANG_ANALYZER_NONNULL = YES;
				CLANG_ANALYZER_NUMBER_OBJECT_CONVERSION = YES_AGGRESSIVE;
				CLANG_CXX_LANGUAGE_STANDARD = "gnu++14";
				CLANG_CXX_LIBRARY = "libc++";
				CLANG_ENABLE_MODULES = YES;
				CLANG_ENABLE_OBJC_ARC = YES;
				CLANG_WARN_BLOCK_CAPTURE_AUTORELEASING = YES;
				CLANG_WARN_BOOL_CONVERSION = YES;
				CLANG_WARN_COMMA = YES;
				CLANG_WARN_CONSTANT_CONVERSION = YES;
				CLANG_WARN_DIRECT_OBJC_ISA_USAGE = YES_ERROR;
				CLANG_WARN_DOCUMENTATION_COMMENTS = YES;
				CLANG_WARN_EMPTY_BODY = YES;
				CLANG_WARN_ENUM_CONVERSION = YES;
				CLANG_WARN_INFINITE_RECURSION = YES;
				CLANG_WARN_INT_CONVERSION = YES;
				CLANG_WARN_OBJC_ROOT_CLASS = YES_ERROR;
				CLANG_WARN_RANGE_LOOP_ANALYSIS = YES;
				CLANG_WARN_STRICT_PROTOTYPES = YES;
				CLANG_WARN_SUSPICIOUS_MOVE = YES;
				CLANG_WARN_UNGUARDED_AVAILABILITY = YES_AGGRESSIVE;
				CLANG_WARN_UNREACHABLE_CODE = YES;
				CLANG_WARN__DUPLICATE_METHOD_MATCH = YES;
				CODE_SIGN_IDENTITY = "iPhone Developer";
				COPY_PHASE_STRIP = NO;
				DEBUG_INFORMATION_FORMAT = "dwarf-with-dsym";
				ENABLE_NS_ASSERTIONS = NO;
				ENABLE_STRICT_OBJC_MSGSEND = YES;
				GCC_C_LANGUAGE_STANDARD = gnu11;
				GCC_NO_COMMON_BLOCKS = YES;
				GCC_WARN_64_TO_32_BIT_CONVERSION = YES;
				GCC_WARN_ABOUT_RETURN_TYPE = YES_ERROR;
				GCC_WARN_UNDECLARED_SELECTOR = YES;
				GCC_WARN_UNINITIALIZED_AUTOS = YES_AGGRESSIVE;
				GCC_WARN_UNUSED_FUNCTION = YES;
				GCC_WARN_UNUSED_VARIABLE = YES;
				IPHONEOS_DEPLOYMENT_TARGET = 11.0;
				MTL_ENABLE_DEBUG_INFO = NO;
				SDKROOT = iphoneos;
				SWIFT_OPTIMIZATION_LEVEL = "-Owholemodule";
				VALIDATE_PRODUCT = YES;
			};
			name = Release;
		};
		B19021761F137E8C00C09922 /* Debug */ = {
			isa = XCBuildConfiguration;
			buildSettings = {
				ASSETCATALOG_COMPILER_APPICON_NAME = AppIcon;
				DEVELOPMENT_TEAM = E26925RH2T;
				INFOPLIST_FILE = ARKit1/Info.plist;
				LD_RUNPATH_SEARCH_PATHS = "$(inherited) @executable_path/Frameworks";
				PRODUCT_BUNDLE_IDENTIFIER = com.VictorLee.ARKit1;
				PRODUCT_NAME = "$(TARGET_NAME)";
				SWIFT_VERSION = 4.0;
				TARGETED_DEVICE_FAMILY = "1,2";
			};
			name = Debug;
		};
		B19021771F137E8C00C09922 /* Release */ = {
			isa = XCBuildConfiguration;
			buildSettings = {
				ASSETCATALOG_COMPILER_APPICON_NAME = AppIcon;
				DEVELOPMENT_TEAM = E26925RH2T;
				INFOPLIST_FILE = ARKit1/Info.plist;
				LD_RUNPATH_SEARCH_PATHS = "$(inherited) @executable_path/Frameworks";
				PRODUCT_BUNDLE_IDENTIFIER = com.VictorLee.ARKit1;
				PRODUCT_NAME = "$(TARGET_NAME)";
				SWIFT_VERSION = 4.0;
				TARGETED_DEVICE_FAMILY = "1,2";
			};
			name = Release;
		};
/* End XCBuildConfiguration section */

/* Begin XCConfigurationList section */
		B190215E1F137E8B00C09922 /* Build configuration list for PBXProject "ARKit1" */ = {
			isa = XCConfigurationList;
			buildConfigurations = (
				B19021731F137E8C00C09922 /* Debug */,
				B19021741F137E8C00C09922 /* Release */,
			);
			defaultConfigurationIsVisible = 0;
			defaultConfigurationName = Release;
		};
		B19021751F137E8C00C09922 /* Build configuration list for PBXNativeTarget "ARKit1" */ = {
			isa = XCConfigurationList;
			buildConfigurations = (
				B19021761F137E8C00C09922 /* Debug */,
				B19021771F137E8C00C09922 /* Release */,
			);
			defaultConfigurationIsVisible = 0;
			defaultConfigurationName = Release;
		};
/* End XCConfigurationList section */
	};
	rootObject = B190215B1F137E8B00C09922 /* Project object */;
}
